Microsoft Visual Studio Solution File, Format Version 10.00
# Visual Studio 2008

Project("{63BE1F03-1AEF-033C-51BE-A5FAD0436774}") = "RobotManager", "Assembly-CSharp-firstpass.csproj", "{87E7FC25-3F9C-06D5-9A45-BDAFD1476FE6}"
EndProject
Project("{63BE1F03-1AEF-033C-51BE-A5FAD0436774}") = "RobotManager", "Assembly-CSharp.csproj", "{BBAF971E-0603-0353-95ED-4DFBF4791CB4}"
EndProject
Project("{63BE1F03-1AEF-033C-51BE-A5FAD0436774}") = "RobotManager", "Assembly-UnityScript-firstpass.unityproj", "{76D4B5C7-DF2E-7F51-5960-A502655E661E}"
EndProject
Global
	GlobalSection(SolutionConfigurationPlatforms) = preSolution
		Debug|Any CPU = Debug|Any CPU
		Release|Any CPU = Release|Any CPU
	EndGlobalSection
	GlobalSection(ProjectConfigurationPlatforms) = postSolution
		{87E7FC25-3F9C-06D5-9A45-BDAFD1476FE6}.Debug|Any CPU.ActiveCfg = Debug|Any CPU
		{87E7FC25-3F9C-06D5-9A45-BDAFD1476FE6}.Debug|Any CPU.Build.0 = Debug|Any CPU
		{87E7FC25-3F9C-06D5-9A45-BDAFD1476FE6}.Release|Any CPU.ActiveCfg = Release|Any CPU
		{87E7FC25-3F9C-06D5-9A45-BDAFD1476FE6}.Release|Any CPU.Build.0 = Release|Any CPU
		{BBAF971E-0603-0353-95ED-4DFBF4791CB4}.Debug|Any CPU.ActiveCfg = Debug|Any CPU
		{BBAF971E-0603-0353-95ED-4DFBF4791CB4}.Debug|Any CPU.Build.0 = Debug|Any CPU
		{BBAF971E-0603-0353-95ED-4DFBF4791CB4}.Release|Any CPU.ActiveCfg = Release|Any CPU
		{BBAF971E-0603-0353-95ED-4DFBF4791CB4}.Release|Any CPU.Build.0 = Release|Any CPU
		{76D4B5C7-DF2E-7F51-5960-A502655E661E}.Debug|Any CPU.ActiveCfg = Debug|Any CPU
		{76D4B5C7-DF2E-7F51-5960-A502655E661E}.Debug|Any CPU.Build.0 = Debug|Any CPU
		{76D4B5C7-DF2E-7F51-5960-A502655E661E}.Release|Any CPU.ActiveCfg = Release|Any CPU
		{76D4B5C7-DF2E-7F51-5960-A502655E661E}.Release|Any CPU.Build.0 = Release|Any CPU
	EndGlobalSection
	GlobalSection(SolutionProperties) = preSolution
		HideSolutionNode = FALSE
	EndGlobalSection
	
EndGlobal
